
Microsoft Visual Studio Solution File, Format Version 12.00
# Visual Studio Version 17
VisualStudioVersion = 17.3.32922.545
MinimumVisualStudioVersion = 10.0.40219.1
Project("{FAE04EC0-301F-11D3-BF4B-00C04F79EFBC}") = "DugunSalonuTakipOtomasyonu", "odevdeneme\DugunSalonuTakipOtomasyonu.csproj", "{16641CCF-9694-4326-B12D-6B1CAB029D19}"
EndProject
Global
	GlobalSection(SolutionConfigurationPlatforms) = preSolution
		Debug|Any CPU = Debug|Any CPU
		Release|Any CPU = Release|Any CPU
	EndGlobalSection
	GlobalSection(ProjectConfigurationPlatforms) = postSolution
		{16641CCF-9694-4326-B12D-6B1CAB029D19}.Debug|Any CPU.ActiveCfg = Debug|Any CPU
		{16641CCF-9694-4326-B12D-6B1CAB029D19}.Debug|Any CPU.Build.0 = Debug|Any CPU
		{16641CCF-9694-4326-B12D-6B1CAB029D19}.Release|Any CPU.ActiveCfg = Release|Any CPU
		{16641CCF-9694-4326-B12D-6B1CAB029D19}.Release|Any CPU.Build.0 = Release|Any CPU
	EndGlobalSection
	GlobalSection(SolutionProperties) = preSolution
		HideSolutionNode = FALSE
	EndGlobalSection
	GlobalSection(ExtensibilityGlobals) = postSolution
		SolutionGuid = {B402D587-3B33-4FC5-B8A0-11C79EE7A524}
	EndGlobalSection
EndGlobal
